
Microsoft Visual Studio Solution File, Format Version 12.00
# Visual Studio Version 17
VisualStudioVersion = 17.5.002.0
MinimumVisualStudioVersion = 10.0.40219.1
Project("{9A19103F-16F7-4668-BE54-9A1E7A4F7556}") = "CSharpPractice2", "CSharpPractice2.csproj", "{5F54AF1D-84B2-4D39-B9AC-2236F6C17553}"
EndProject
Global
	GlobalSection(SolutionConfigurationPlatforms) = preSolution
		Debug|Any CPU = Debug|Any CPU
		Release|Any CPU = Release|Any CPU
	EndGlobalSection
	GlobalSection(ProjectConfigurationPlatforms) = postSolution
		{5F54AF1D-84B2-4D39-B9AC-2236F6C17553}.Debug|Any CPU.ActiveCfg = Debug|Any CPU
		{5F54AF1D-84B2-4D39-B9AC-2236F6C17553}.Debug|Any CPU.Build.0 = Debug|Any CPU
		{5F54AF1D-84B2-4D39-B9AC-2236F6C17553}.Release|Any CPU.ActiveCfg = Release|Any CPU
		{5F54AF1D-84B2-4D39-B9AC-2236F6C17553}.Release|Any CPU.Build.0 = Release|Any CPU
	EndGlobalSection
	GlobalSection(SolutionProperties) = preSolution
		HideSolutionNode = FALSE
	EndGlobalSection
	GlobalSection(ExtensibilityGlobals) = postSolution
		SolutionGuid = {554F8554-4CEF-436C-8CCE-309EAFD51716}
	EndGlobalSection
EndGlobal
